
Microsoft Visual Studio Solution File, Format Version 12.00
Project("{FAE04EC0-301F-11D3-BF4B-00C04F79EFBC}") = "Jellyfin.Plugin.Tmdb.Trailers", "Jellyfin.Plugin.Tmdb.Trailers\Jellyfin.Plugin.Tmdb.Trailers.csproj", "{0353F378-2FA1-491C-85DB-F123B1BF7DDD}"
EndProject
Global
	GlobalSection(SolutionConfigurationPlatforms) = preSolution
		Debug|Any CPU = Debug|Any CPU
		Release|Any CPU = Release|Any CPU
	EndGlobalSection
	GlobalSection(ProjectConfigurationPlatforms) = postSolution
		{0353F378-2FA1-491C-85DB-F123B1BF7DDD}.Debug|Any CPU.ActiveCfg = Debug|Any CPU
		{0353F378-2FA1-491C-85DB-F123B1BF7DDD}.Debug|Any CPU.Build.0 = Debug|Any CPU
		{0353F378-2FA1-491C-85DB-F123B1BF7DDD}.Release|Any CPU.ActiveCfg = Release|Any CPU
		{0353F378-2FA1-491C-85DB-F123B1BF7DDD}.Release|Any CPU.Build.0 = Release|Any CPU
	EndGlobalSection
EndGlobal
